
Microsoft Visual Studio Solution File, Format Version 12.00
# Visual Studio Version 17
VisualStudioVersion = 17.5.002.0
MinimumVisualStudioVersion = 10.0.40219.1
Project("{9A19103F-16F7-4668-BE54-9A1E7A4F7556}") = "movie_app_api", "backend\movie_app_api.csproj", "{2A4EB12A-7BE3-45A0-B93B-A7C424B07690}"
EndProject
Global
	GlobalSection(SolutionConfigurationPlatforms) = preSolution
		Debug|Any CPU = Debug|Any CPU
		Release|Any CPU = Release|Any CPU
	EndGlobalSection
	GlobalSection(ProjectConfigurationPlatforms) = postSolution
		{2A4EB12A-7BE3-45A0-B93B-A7C424B07690}.Debug|Any CPU.ActiveCfg = Debug|Any CPU
		{2A4EB12A-7BE3-45A0-B93B-A7C424B07690}.Debug|Any CPU.Build.0 = Debug|Any CPU
		{2A4EB12A-7BE3-45A0-B93B-A7C424B07690}.Release|Any CPU.ActiveCfg = Release|Any CPU
		{2A4EB12A-7BE3-45A0-B93B-A7C424B07690}.Release|Any CPU.Build.0 = Release|Any CPU
	EndGlobalSection
	GlobalSection(SolutionProperties) = preSolution
		HideSolutionNode = FALSE
	EndGlobalSection
	GlobalSection(ExtensibilityGlobals) = postSolution
		SolutionGuid = {B65F9B86-2347-47F5-BC47-59B7BA0D83BD}
	EndGlobalSection
EndGlobal
